
Microsoft Visual Studio Solution File, Format Version 12.00
# Visual Studio Version 17
VisualStudioVersion = 17.8.34322.80
MinimumVisualStudioVersion = 10.0.40219.1
Project("{9A19103F-16F7-4668-BE54-9A1E7A4F7556}") = "Shell", "Shell.Console\Shell.csproj", "{F7F0444A-A2DD-47F5-A1A5-3A3E1E46782F}"
EndProject
Global
	GlobalSection(SolutionConfigurationPlatforms) = preSolution
		Debug|Any CPU = Debug|Any CPU
		Release|Any CPU = Release|Any CPU
	EndGlobalSection
	GlobalSection(ProjectConfigurationPlatforms) = postSolution
		{F7F0444A-A2DD-47F5-A1A5-3A3E1E46782F}.Debug|Any CPU.ActiveCfg = Debug|Any CPU
		{F7F0444A-A2DD-47F5-A1A5-3A3E1E46782F}.Debug|Any CPU.Build.0 = Debug|Any CPU
		{F7F0444A-A2DD-47F5-A1A5-3A3E1E46782F}.Release|Any CPU.ActiveCfg = Release|Any CPU
		{F7F0444A-A2DD-47F5-A1A5-3A3E1E46782F}.Release|Any CPU.Build.0 = Release|Any CPU
	EndGlobalSection
	GlobalSection(SolutionProperties) = preSolution
		HideSolutionNode = FALSE
	EndGlobalSection
	GlobalSection(ExtensibilityGlobals) = postSolution
		SolutionGuid = {74114490-0130-4197-A1B8-815874920E08}
	EndGlobalSection
EndGlobal
